
Microsoft Visual Studio Solution File, Format Version 12.00
# Visual Studio Version 17
VisualStudioVersion = 17.5.002.0
MinimumVisualStudioVersion = 10.0.40219.1
Project("{9A19103F-16F7-4668-BE54-9A1E7A4F7556}") = "tut", "tut\tut.csproj", "{4510078E-4756-431C-AF73-B69F1CF66B39}"
EndProject
Global
	GlobalSection(SolutionConfigurationPlatforms) = preSolution
		Debug|Any CPU = Debug|Any CPU
		Release|Any CPU = Release|Any CPU
	EndGlobalSection
	GlobalSection(ProjectConfigurationPlatforms) = postSolution
		{4510078E-4756-431C-AF73-B69F1CF66B39}.Debug|Any CPU.ActiveCfg = Debug|Any CPU
		{4510078E-4756-431C-AF73-B69F1CF66B39}.Debug|Any CPU.Build.0 = Debug|Any CPU
		{4510078E-4756-431C-AF73-B69F1CF66B39}.Release|Any CPU.ActiveCfg = Release|Any CPU
		{4510078E-4756-431C-AF73-B69F1CF66B39}.Release|Any CPU.Build.0 = Release|Any CPU
	EndGlobalSection
	GlobalSection(SolutionProperties) = preSolution
		HideSolutionNode = FALSE
	EndGlobalSection
	GlobalSection(ExtensibilityGlobals) = postSolution
		SolutionGuid = {A3B5EBAB-FFC5-4B8B-8608-62CB8A26B5B5}
	EndGlobalSection
EndGlobal
